# This file is autogenerated, do not edit; changes may be undone by the next 'dep ensure'.


[[projects]]
  name = "github.com/hetznercloud/hcloud-go"
  packages = [
    "hcloud",
    "hcloud/schema"
  ]
  revision = "f4c8a4379a2c0a24e9c4fc242be72b9110e1426d"
  version = "v1.7.0"

[solve-meta]
  analyzer-name = "dep"
  analyzer-version = 1
  inputs-digest = "3f5000a002b768aae2beda8299c19fd591748bd94f5a89608d74bd853ddf9305"
  solver-name = "gps-cdcl"
  solver-version = 1
