# This file is autogenerated, do not edit; changes may be undone by the next 'dep ensure'.


[[projects]]
  name = "github.com/hetznercloud/hcloud-go"
  packages = [
    "hcloud",
    "hcloud/schema"
  ]
  revision = "f4c8a4379a2c0a24e9c4fc242be72b9110e1426d"
  version = "v1.7.0"

[[projects]]
  name = "gopkg.in/yaml.v2"
  packages = ["."]
  revision = "5420a8b6744d3b0345ab293f6fcba19c978f1183"
  version = "v2.2.1"

[solve-meta]
  analyzer-name = "dep"
  analyzer-version = 1
  inputs-digest = "ff440f960a8cbe2ec146c883dc26c5a41426b446aece49bc3e8ea790a7a8bb1e"
  solver-name = "gps-cdcl"
  solver-version = 1
